// !$*UTF8*$!
{
	archiveVersion = 1;
	classes = {
	};
	objectVersion = 56;
	objects = {

/* Begin PBXBuildFile section */
		AF53807929F1ECDC00618FE3 /* ThemeManager.swift in Sources */ = {isa = PBXBuildFile; fileRef = AF53807829F1ECDC00618FE3 /* ThemeManager.swift */; };
		AF5FB82F29F1C64400305E8D /* SettingsViewModel.swift in Sources */ = {isa = PBXBuildFile; fileRef = AF5FB82E29F1C64400305E8D /* SettingsViewModel.swift */; };
		AF5FB83129F1CFD500305E8D /* Preferences.swift in Sources */ = {isa = PBXBuildFile; fileRef = AF5FB83029F1CFD500305E8D /* Preferences.swift */; };
		AF5FB83429F1D0D200305E8D /* FoundationExtensions.swift in Sources */ = {isa = PBXBuildFile; fileRef = AF5FB83329F1D0D200305E8D /* FoundationExtensions.swift */; };
		AF708A7129F18336009560DB /* ScuffApp.swift in Sources */ = {isa = PBXBuildFile; fileRef = AF708A7029F18336009560DB /* ScuffApp.swift */; };
		AF708A7529F18337009560DB /* Assets.xcassets in Resources */ = {isa = PBXBuildFile; fileRef = AF708A7429F18337009560DB /* Assets.xcassets */; };
		AF708A7829F18337009560DB /* Preview Assets.xcassets in Resources */ = {isa = PBXBuildFile; fileRef = AF708A7729F18337009560DB /* Preview Assets.xcassets */; };
/* End PBXBuildFile section */

/* Begin PBXFileReference section */
		AF53807829F1ECDC00618FE3 /* ThemeManager.swift */ = {isa = PBXFileReference; lastKnownFileType = sourcecode.swift; path = ThemeManager.swift; sourceTree = "<group>"; };
		AF5FB82E29F1C64400305E8D /* SettingsViewModel.swift */ = {isa = PBXFileReference; lastKnownFileType = sourcecode.swift; path = SettingsViewModel.swift; sourceTree = "<group>"; };
		AF5FB83029F1CFD500305E8D /* Preferences.swift */ = {isa = PBXFileReference; lastKnownFileType = sourcecode.swift; path = Preferences.swift; sourceTree = "<group>"; };
		AF5FB83329F1D0D200305E8D /* FoundationExtensions.swift */ = {isa = PBXFileReference; lastKnownFileType = sourcecode.swift; path = FoundationExtensions.swift; sourceTree = "<group>"; };
		AF708A6D29F18336009560DB /* Scuff.app */ = {isa = PBXFileReference; explicitFileType = wrapper.application; includeInIndex = 0; path = Scuff.app; sourceTree = BUILT_PRODUCTS_DIR; };
		AF708A7029F18336009560DB /* ScuffApp.swift */ = {isa = PBXFileReference; lastKnownFileType = sourcecode.swift; path = ScuffApp.swift; sourceTree = "<group>"; };
		AF708A7429F18337009560DB /* Assets.xcassets */ = {isa = PBXFileReference; lastKnownFileType = folder.assetcatalog; path = Assets.xcassets; sourceTree = "<group>"; };
		AF708A7729F18337009560DB /* Preview Assets.xcassets */ = {isa = PBXFileReference; lastKnownFileType = folder.assetcatalog; path = "Preview Assets.xcassets"; sourceTree = "<group>"; };
/* End PBXFileReference section */

/* Begin PBXFrameworksBuildPhase section */
		AF708A6A29F18336009560DB /* Frameworks */ = {
			isa = PBXFrameworksBuildPhase;
			buildActionMask = 2147483647;
			files = (
			);
			runOnlyForDeploymentPostprocessing = 0;
		};
/* End PBXFrameworksBuildPhase section */

/* Begin PBXGroup section */
		AF5FB82D29F1C63500305E8D /* Settings */ = {
			isa = PBXGroup;
			children = (
				AF5FB82E29F1C64400305E8D /* SettingsViewModel.swift */,
			);
			path = Settings;
			sourceTree = "<group>";
		};
		AF5FB83229F1D03100305E8D /* Extensions */ = {
			isa = PBXGroup;
			children = (
				AF5FB83329F1D0D200305E8D /* FoundationExtensions.swift */,
			);
			path = Extensions;
			sourceTree = "<group>";
		};
		AF708A6429F18336009560DB = {
			isa = PBXGroup;
			children = (
				AF708A6F29F18336009560DB /* Scuff */,
				AF708A6E29F18336009560DB /* Products */,
			);
			sourceTree = "<group>";
		};
		AF708A6E29F18336009560DB /* Products */ = {
			isa = PBXGroup;
			children = (
				AF708A6D29F18336009560DB /* Scuff.app */,
			);
			name = Products;
			sourceTree = "<group>";
		};
		AF708A6F29F18336009560DB /* Scuff */ = {
			isa = PBXGroup;
			children = (
				AF708A7029F18336009560DB /* ScuffApp.swift */,
				AF708A7E29F186D0009560DB /* Views */,
				AF708A7F29F186D9009560DB /* Models */,
				AF708A8129F186E7009560DB /* Services */,
				AF708A8229F186F1009560DB /* Utilities */,
				AF708A8329F186FA009560DB /* Resources */,
				AF708A7629F18337009560DB /* Preview Content */,
			);
			path = Scuff;
			sourceTree = "<group>";
		};
		AF708A7629F18337009560DB /* Preview Content */ = {
			isa = PBXGroup;
			children = (
				AF708A7729F18337009560DB /* Preview Assets.xcassets */,
			);
			path = "Preview Content";
			sourceTree = "<group>";
		};
		AF708A7E29F186D0009560DB /* Views */ = {
			isa = PBXGroup;
			children = (
				AF708A8429F18774009560DB /* Screens */,
			);
			path = Views;
			sourceTree = "<group>";
		};
		AF708A7F29F186D9009560DB /* Models */ = {
			isa = PBXGroup;
			children = (
			);
			path = Models;
			sourceTree = "<group>";
		};
		AF708A8129F186E7009560DB /* Services */ = {
			isa = PBXGroup;
			children = (
				AF53807829F1ECDC00618FE3 /* ThemeManager.swift */,
			);
			path = Services;
			sourceTree = "<group>";
		};
		AF708A8229F186F1009560DB /* Utilities */ = {
			isa = PBXGroup;
			children = (
				AF5FB83229F1D03100305E8D /* Extensions */,
				AF5FB83029F1CFD500305E8D /* Preferences.swift */,
			);
			path = Utilities;
			sourceTree = "<group>";
		};
		AF708A8329F186FA009560DB /* Resources */ = {
			isa = PBXGroup;
			children = (
				AF708A7429F18337009560DB /* Assets.xcassets */,
			);
			path = Resources;
			sourceTree = "<group>";
		};
		AF708A8429F18774009560DB /* Screens */ = {
			isa = PBXGroup;
			children = (
				AF5FB82D29F1C63500305E8D /* Settings */,
			);
			path = Screens;
			sourceTree = "<group>";
		};
/* End PBXGroup section */

/* Begin PBXNativeTarget section */
		AF708A6C29F18336009560DB /* Scuff */ = {
			isa = PBXNativeTarget;
			buildConfigurationList = AF708A7B29F18337009560DB /* Build configuration list for PBXNativeTarget "Scuff" */;
			buildPhases = (
				AF708A6929F18336009560DB /* Sources */,
				AF708A6A29F18336009560DB /* Frameworks */,
				AF708A6B29F18336009560DB /* Resources */,
			);
			buildRules = (
			);
			dependencies = (
			);
			name = Scuff;
			productName = Scuff;
			productReference = AF708A6D29F18336009560DB /* Scuff.app */;
			productType = "com.apple.product-type.application";
		};
/* End PBXNativeTarget section */

/* Begin PBXProject section */
		AF708A6529F18336009560DB /* Project object */ = {
			isa = PBXProject;
			attributes = {
				BuildIndependentTargetsInParallel = 1;
				LastSwiftUpdateCheck = 1430;
				LastUpgradeCheck = 1430;
				TargetAttributes = {
					AF708A6C29F18336009560DB = {
						CreatedOnToolsVersion = 14.3;
					};
				};
			};
			buildConfigurationList = AF708A6829F18336009560DB /* Build configuration list for PBXProject "Scuff" */;
			compatibilityVersion = "Xcode 14.0";
			developmentRegion = en;
			hasScannedForEncodings = 0;
			knownRegions = (
				en,
				Base,
			);
			mainGroup = AF708A6429F18336009560DB;
			productRefGroup = AF708A6E29F18336009560DB /* Products */;
			projectDirPath = "";
			projectRoot = "";
			targets = (
				AF708A6C29F18336009560DB /* Scuff */,
			);
		};
/* End PBXProject section */

/* Begin PBXResourcesBuildPhase section */
		AF708A6B29F18336009560DB /* Resources */ = {
			isa = PBXResourcesBuildPhase;
			buildActionMask = 2147483647;
			files = (
				AF708A7829F18337009560DB /* Preview Assets.xcassets in Resources */,
				AF708A7529F18337009560DB /* Assets.xcassets in Resources */,
			);
			runOnlyForDeploymentPostprocessing = 0;
		};
/* End PBXResourcesBuildPhase section */

/* Begin PBXSourcesBuildPhase section */
		AF708A6929F18336009560DB /* Sources */ = {
			isa = PBXSourcesBuildPhase;
			buildActionMask = 2147483647;
			files = (
				AF5FB83429F1D0D200305E8D /* FoundationExtensions.swift in Sources */,
				AF708A7129F18336009560DB /* ScuffApp.swift in Sources */,
				AF53807929F1ECDC00618FE3 /* ThemeManager.swift in Sources */,
				AF5FB82F29F1C64400305E8D /* SettingsViewModel.swift in Sources */,
				AF5FB83129F1CFD500305E8D /* Preferences.swift in Sources */,
			);
			runOnlyForDeploymentPostprocessing = 0;
		};
/* End PBXSourcesBuildPhase section */

/* Begin XCBuildConfiguration section */
		AF708A7929F18337009560DB /* Debug */ = {
			isa = XCBuildConfiguration;
			buildSettings = {
				ALWAYS_SEARCH_USER_PATHS = NO;
				CLANG_ANALYZER_NONNULL = YES;
				CLANG_ANALYZER_NUMBER_OBJECT_CONVERSION = YES_AGGRESSIVE;
				CLANG_CXX_LANGUAGE_STANDARD = "gnu++20";
				CLANG_ENABLE_MODULES = YES;
				CLANG_ENABLE_OBJC_ARC = YES;
				CLANG_ENABLE_OBJC_WEAK = YES;
				CLANG_WARN_BLOCK_CAPTURE_AUTORELEASING = YES;
				CLANG_WARN_BOOL_CONVERSION = YES;
				CLANG_WARN_COMMA = YES;
				CLANG_WARN_CONSTANT_CONVERSION = YES;
				CLANG_WARN_DEPRECATED_OBJC_IMPLEMENTATIONS = YES;
				CLANG_WARN_DIRECT_OBJC_ISA_USAGE = YES_ERROR;
				CLANG_WARN_DOCUMENTATION_COMMENTS = YES;
				CLANG_WARN_EMPTY_BODY = YES;
				CLANG_WARN_ENUM_CONVERSION = YES;
				CLANG_WARN_INFINITE_RECURSION = YES;
				CLANG_WARN_INT_CONVERSION = YES;
				CLANG_WARN_NON_LITERAL_NULL_CONVERSION = YES;
				CLANG_WARN_OBJC_IMPLICIT_RETAIN_SELF = YES;
				CLANG_WARN_OBJC_LITERAL_CONVERSION = YES;
				CLANG_WARN_OBJC_ROOT_CLASS = YES_ERROR;
				CLANG_WARN_QUOTED_INCLUDE_IN_FRAMEWORK_HEADER = YES;
				CLANG_WARN_RANGE_LOOP_ANALYSIS = YES;
				CLANG_WARN_STRICT_PROTOTYPES = YES;
				CLANG_WARN_SUSPICIOUS_MOVE = YES;
				CLANG_WARN_UNGUARDED_AVAILABILITY = YES_AGGRESSIVE;
				CLANG_WARN_UNREACHABLE_CODE = YES;
				CLANG_WARN__DUPLICATE_METHOD_MATCH = YES;
				COPY_PHASE_STRIP = NO;
				DEBUG_INFORMATION_FORMAT = dwarf;
				ENABLE_STRICT_OBJC_MSGSEND = YES;
				ENABLE_TESTABILITY = YES;
				GCC_C_LANGUAGE_STANDARD = gnu11;
				GCC_DYNAMIC_NO_PIC = NO;
				GCC_NO_COMMON_BLOCKS = YES;
				GCC_OPTIMIZATION_LEVEL = 0;
				GCC_PREPROCESSOR_DEFINITIONS = (
					"DEBUG=1",
					"$(inherited)",
				);
				GCC_WARN_64_TO_32_BIT_CONVERSION = YES;
				GCC_WARN_ABOUT_RETURN_TYPE = YES_ERROR;
				GCC_WARN_UNDECLARED_SELECTOR = YES;
				GCC_WARN_UNINITIALIZED_AUTOS = YES_AGGRESSIVE;
				GCC_WARN_UNUSED_FUNCTION = YES;
				GCC_WARN_UNUSED_VARIABLE = YES;
				IPHONEOS_DEPLOYMENT_TARGET = 16.4;
				MTL_ENABLE_DEBUG_INFO = INCLUDE_SOURCE;
				MTL_FAST_MATH = YES;
				ONLY_ACTIVE_ARCH = YES;
				SDKROOT = iphoneos;
				SWIFT_ACTIVE_COMPILATION_CONDITIONS = DEBUG;
				SWIFT_OPTIMIZATION_LEVEL = "-Onone";
			};
			name = Debug;
		};
		AF708A7A29F18337009560DB /* Release */ = {
			isa = XCBuildConfiguration;
			buildSettings = {
				ALWAYS_SEARCH_USER_PATHS = NO;
				CLANG_ANALYZER_NONNULL = YES;
				CLANG_ANALYZER_NUMBER_OBJECT_CONVERSION = YES_AGGRESSIVE;
				CLANG_CXX_LANGUAGE_STANDARD = "gnu++20";
				CLANG_ENABLE_MODULES = YES;
				CLANG_ENABLE_OBJC_ARC = YES;
				CLANG_ENABLE_OBJC_WEAK = YES;
				CLANG_WARN_BLOCK_CAPTURE_AUTORELEASING = YES;
				CLANG_WARN_BOOL_CONVERSION = YES;
				CLANG_WARN_COMMA = YES;
				CLANG_WARN_CONSTANT_CONVERSION = YES;
				CLANG_WARN_DEPRECATED_OBJC_IMPLEMENTATIONS = YES;
				CLANG_WARN_DIRECT_OBJC_ISA_USAGE = YES_ERROR;
				CLANG_WARN_DOCUMENTATION_COMMENTS = YES;
				CLANG_WARN_EMPTY_BODY = YES;
				CLANG_WARN_ENUM_CONVERSION = YES;
				CLANG_WARN_INFINITE_RECURSION = YES;
				CLANG_WARN_INT_CONVERSION = YES;
				CLANG_WARN_NON_LITERAL_NULL_CONVERSION = YES;
				CLANG_WARN_OBJC_IMPLICIT_RETAIN_SELF = YES;
				CLANG_WARN_OBJC_LITERAL_CONVERSION = YES;
				CLANG_WARN_OBJC_ROOT_CLASS = YES_ERROR;
				CLANG_WARN_QUOTED_INCLUDE_IN_FRAMEWORK_HEADER = YES;
				CLANG_WARN_RANGE_LOOP_ANALYSIS = YES;
				CLANG_WARN_STRICT_PROTOTYPES = YES;
				CLANG_WARN_SUSPICIOUS_MOVE = YES;
				CLANG_WARN_UNGUARDED_AVAILABILITY = YES_AGGRESSIVE;
				CLANG_WARN_UNREACHABLE_CODE = YES;
				CLANG_WARN__DUPLICATE_METHOD_MATCH = YES;
				COPY_PHASE_STRIP = NO;
				DEBUG_INFORMATION_FORMAT = "dwarf-with-dsym";
				ENABLE_NS_ASSERTIONS = NO;
				ENABLE_STRICT_OBJC_MSGSEND = YES;
				GCC_C_LANGUAGE_STANDARD = gnu11;
				GCC_NO_COMMON_BLOCKS = YES;
				GCC_WARN_64_TO_32_BIT_CONVERSION = YES;
				GCC_WARN_ABOUT_RETURN_TYPE = YES_ERROR;
				GCC_WARN_UNDECLARED_SELECTOR = YES;
				GCC_WARN_UNINITIALIZED_AUTOS = YES_AGGRESSIVE;
				GCC_WARN_UNUSED_FUNCTION = YES;
				GCC_WARN_UNUSED_VARIABLE = YES;
				IPHONEOS_DEPLOYMENT_TARGET = 16.4;
				MTL_ENABLE_DEBUG_INFO = NO;
				MTL_FAST_MATH = YES;
				SDKROOT = iphoneos;
				SWIFT_COMPILATION_MODE = wholemodule;
				SWIFT_OPTIMIZATION_LEVEL = "-O";
				VALIDATE_PRODUCT = YES;
			};
			name = Release;
		};
		AF708A7C29F18337009560DB /* Debug */ = {
			isa = XCBuildConfiguration;
			buildSettings = {
				ASSETCATALOG_COMPILER_APPICON_NAME = AppIcon;
				ASSETCATALOG_COMPILER_GLOBAL_ACCENT_COLOR_NAME = AccentColor;
				CODE_SIGN_STYLE = Automatic;
				CURRENT_PROJECT_VERSION = 1;
				DEVELOPMENT_ASSET_PATHS = "\"Scuff/Preview Content\"";
				DEVELOPMENT_TEAM = 3JSTV9NEF8;
				ENABLE_PREVIEWS = YES;
				GENERATE_INFOPLIST_FILE = YES;
				INFOPLIST_KEY_UIApplicationSceneManifest_Generation = YES;
				INFOPLIST_KEY_UIApplicationSupportsIndirectInputEvents = YES;
				INFOPLIST_KEY_UILaunchScreen_Generation = YES;
				INFOPLIST_KEY_UISupportedInterfaceOrientations_iPad = "UIInterfaceOrientationPortrait UIInterfaceOrientationPortraitUpsideDown UIInterfaceOrientationLandscapeLeft UIInterfaceOrientationLandscapeRight";
				INFOPLIST_KEY_UISupportedInterfaceOrientations_iPhone = "UIInterfaceOrientationPortrait UIInterfaceOrientationLandscapeLeft UIInterfaceOrientationLandscapeRight";
				LD_RUNPATH_SEARCH_PATHS = (
					"$(inherited)",
					"@executable_path/Frameworks",
				);
				MARKETING_VERSION = 1.0;
				PRODUCT_BUNDLE_IDENTIFIER = rogers.max.Scuff;
				PRODUCT_NAME = "$(TARGET_NAME)";
				SWIFT_EMIT_LOC_STRINGS = YES;
				SWIFT_VERSION = 5.0;
				TARGETED_DEVICE_FAMILY = "1,2";
			};
			name = Debug;
		};
		AF708A7D29F18337009560DB /* Release */ = {
			isa = XCBuildConfiguration;
			buildSettings = {
				ASSETCATALOG_COMPILER_APPICON_NAME = AppIcon;
				ASSETCATALOG_COMPILER_GLOBAL_ACCENT_COLOR_NAME = AccentColor;
				CODE_SIGN_STYLE = Automatic;
				CURRENT_PROJECT_VERSION = 1;
				DEVELOPMENT_ASSET_PATHS = "\"Scuff/Preview Content\"";
				DEVELOPMENT_TEAM = 3JSTV9NEF8;
				ENABLE_PREVIEWS = YES;
				GENERATE_INFOPLIST_FILE = YES;
				INFOPLIST_KEY_UIApplicationSceneManifest_Generation = YES;
				INFOPLIST_KEY_UIApplicationSupportsIndirectInputEvents = YES;
				INFOPLIST_KEY_UILaunchScreen_Generation = YES;
				INFOPLIST_KEY_UISupportedInterfaceOrientations_iPad = "UIInterfaceOrientationPortrait UIInterfaceOrientationPortraitUpsideDown UIInterfaceOrientationLandscapeLeft UIInterfaceOrientationLandscapeRight";
				INFOPLIST_KEY_UISupportedInterfaceOrientations_iPhone = "UIInterfaceOrientationPortrait UIInterfaceOrientationLandscapeLeft UIInterfaceOrientationLandscapeRight";
				LD_RUNPATH_SEARCH_PATHS = (
					"$(inherited)",
					"@executable_path/Frameworks",
				);
				MARKETING_VERSION = 1.0;
				PRODUCT_BUNDLE_IDENTIFIER = rogers.max.Scuff;
				PRODUCT_NAME = "$(TARGET_NAME)";
				SWIFT_EMIT_LOC_STRINGS = YES;
				SWIFT_VERSION = 5.0;
				TARGETED_DEVICE_FAMILY = "1,2";
			};
			name = Release;
		};
/* End XCBuildConfiguration section */

/* Begin XCConfigurationList section */
		AF708A6829F18336009560DB /* Build configuration list for PBXProject "Scuff" */ = {
			isa = XCConfigurationList;
			buildConfigurations = (
				AF708A7929F18337009560DB /* Debug */,
				AF708A7A29F18337009560DB /* Release */,
			);
			defaultConfigurationIsVisible = 0;
			defaultConfigurationName = Release;
		};
		AF708A7B29F18337009560DB /* Build configuration list for PBXNativeTarget "Scuff" */ = {
			isa = XCConfigurationList;
			buildConfigurations = (
				AF708A7C29F18337009560DB /* Debug */,
				AF708A7D29F18337009560DB /* Release */,
			);
			defaultConfigurationIsVisible = 0;
			defaultConfigurationName = Release;
		};
/* End XCConfigurationList section */
	};
	rootObject = AF708A6529F18336009560DB /* Project object */;
}
